Microsoft Visual Studio Solution File, Format Version 12.00
# Visual Studio 15
VisualStudioVersion = 15.0.28307.168
MinimumVisualStudioVersion = 10.0.40219.1
Project("{FAE04EC0-301F-11D3-BF4B-00C04F79EFBC}") = "Q200703", "Q200703\Q200703.csproj", "{4CF3D816-8BB9-4213-81E8-A2AC059A9EDA}"
EndProject
Global
	GlobalSection(SolutionConfigurationPlatforms) = preSolution
		Debug|Any CPU = Debug|Any CPU
		Release|Any CPU = Release|Any CPU
	EndGlobalSection
	GlobalSection(ProjectConfigurationPlatforms) = postSolution
		{4CF3D816-8BB9-4213-81E8-A2AC059A9EDA}.Debug|Any CPU.ActiveCfg = Debug|Any CPU
		{4CF3D816-8BB9-4213-81E8-A2AC059A9EDA}.Debug|Any CPU.Build.0 = Debug|Any CPU
		{4CF3D816-8BB9-4213-81E8-A2AC059A9EDA}.Release|Any CPU.ActiveCfg = Release|Any CPU
		{4CF3D816-8BB9-4213-81E8-A2AC059A9EDA}.Release|Any CPU.Build.0 = Release|Any CPU
	EndGlobalSection
	GlobalSection(SolutionProperties) = preSolution
		HideSolutionNode = FALSE
	EndGlobalSection
	GlobalSection(ExtensibilityGlobals) = postSolution
		SolutionGuid = {37388698-27F4-4ACA-9C8B-867000FE627F}
	EndGlobalSection
EndGlobal
